
Microsoft Visual Studio Solution File, Format Version 12.00
# Visual Studio Version 17
VisualStudioVersion = 17.3.32922.545
MinimumVisualStudioVersion = 10.0.40219.1
Project("{9A19103F-16F7-4668-BE54-9A1E7A4F7556}") = "FindUR", "FindUR.csproj", "{4916A1F0-E95A-435B-81AD-5F15D4F609AD}"
EndProject
Project("{FAE04EC0-301F-11D3-BF4B-00C04F79EFBC}") = "FindURMVC", "..\FindURMVC\FindURMVC.csproj", "{01032078-C671-4618-B5DD-8ECE015CA943}"
EndProject
Project("{FAE04EC0-301F-11D3-BF4B-00C04F79EFBC}") = "FindURAPI", "..\FindURAPI\FindURAPI.csproj", "{F31A9DF9-86AB-4624-890C-231EDA3E2A29}"
EndProject
Project("{9A19103F-16F7-4668-BE54-9A1E7A4F7556}") = "FindUR.Data", "..\..\..\..\SF.Code\MiVet\dotnet\Sabio.Data\FindUR.Data.csproj", "{106BABC4-FF7F-4FFA-8F50-5ABEF86B021B}"
EndProject
Project("{9A19103F-16F7-4668-BE54-9A1E7A4F7556}") = "FindUR.Models", "..\..\..\..\SF.Code\MiVet\dotnet\Sabio.Models\FindUR.Models.csproj", "{846A5DE4-6062-416E-8472-A10F38A6442F}"
EndProject
Project("{9A19103F-16F7-4668-BE54-9A1E7A4F7556}") = "FindUR.Services", "..\..\..\..\SF.Code\MiVet\dotnet\Sabio.Services\FindUR.Services.csproj", "{D04183B7-75AA-4A37-BF35-C38CC9DDEE72}"
EndProject
Project("{9A19103F-16F7-4668-BE54-9A1E7A4F7556}") = "FindUR.Web.Api", "..\..\..\..\SF.Code\MiVet\dotnet\Sabio.Web.Api\FindUR.Web.Api.csproj", "{4100E584-0E35-4D81-BFAF-0614C0D0B726}"
EndProject
Project("{9A19103F-16F7-4668-BE54-9A1E7A4F7556}") = "FindUR.Web.Core", "..\..\..\..\SF.Code\MiVet\dotnet\Sabio.Web.Core\FindUR.Web.Core.csproj", "{DB01B3E5-77F4-4421-91D9-B3E656289D19}"
EndProject
Project("{9A19103F-16F7-4668-BE54-9A1E7A4F7556}") = "FindUR.Web.Models", "..\..\..\..\SF.Code\MiVet\dotnet\Sabio.Web.Models\FindUR.Web.Models.csproj", "{9981095A-0FD6-432F-A34D-CC8EA647C09F}"
EndProject
Global
	GlobalSection(SolutionConfigurationPlatforms) = preSolution
		Debug|Any CPU = Debug|Any CPU
		Release|Any CPU = Release|Any CPU
	EndGlobalSection
	GlobalSection(ProjectConfigurationPlatforms) = postSolution
		{4916A1F0-E95A-435B-81AD-5F15D4F609AD}.Debug|Any CPU.ActiveCfg = Debug|Any CPU
		{4916A1F0-E95A-435B-81AD-5F15D4F609AD}.Debug|Any CPU.Build.0 = Debug|Any CPU
		{4916A1F0-E95A-435B-81AD-5F15D4F609AD}.Release|Any CPU.ActiveCfg = Release|Any CPU
		{4916A1F0-E95A-435B-81AD-5F15D4F609AD}.Release|Any CPU.Build.0 = Release|Any CPU
		{01032078-C671-4618-B5DD-8ECE015CA943}.Debug|Any CPU.ActiveCfg = Debug|Any CPU
		{01032078-C671-4618-B5DD-8ECE015CA943}.Debug|Any CPU.Build.0 = Debug|Any CPU
		{01032078-C671-4618-B5DD-8ECE015CA943}.Release|Any CPU.ActiveCfg = Release|Any CPU
		{01032078-C671-4618-B5DD-8ECE015CA943}.Release|Any CPU.Build.0 = Release|Any CPU
		{F31A9DF9-86AB-4624-890C-231EDA3E2A29}.Debug|Any CPU.ActiveCfg = Debug|Any CPU
		{F31A9DF9-86AB-4624-890C-231EDA3E2A29}.Debug|Any CPU.Build.0 = Debug|Any CPU
		{F31A9DF9-86AB-4624-890C-231EDA3E2A29}.Release|Any CPU.ActiveCfg = Release|Any CPU
		{F31A9DF9-86AB-4624-890C-231EDA3E2A29}.Release|Any CPU.Build.0 = Release|Any CPU
		{106BABC4-FF7F-4FFA-8F50-5ABEF86B021B}.Debug|Any CPU.ActiveCfg = Debug|Any CPU
		{106BABC4-FF7F-4FFA-8F50-5ABEF86B021B}.Debug|Any CPU.Build.0 = Debug|Any CPU
		{106BABC4-FF7F-4FFA-8F50-5ABEF86B021B}.Release|Any CPU.ActiveCfg = Release|Any CPU
		{106BABC4-FF7F-4FFA-8F50-5ABEF86B021B}.Release|Any CPU.Build.0 = Release|Any CPU
		{846A5DE4-6062-416E-8472-A10F38A6442F}.Debug|Any CPU.ActiveCfg = Debug|Any CPU
		{846A5DE4-6062-416E-8472-A10F38A6442F}.Debug|Any CPU.Build.0 = Debug|Any CPU
		{846A5DE4-6062-416E-8472-A10F38A6442F}.Release|Any CPU.ActiveCfg = Release|Any CPU
		{846A5DE4-6062-416E-8472-A10F38A6442F}.Release|Any CPU.Build.0 = Release|Any CPU
		{D04183B7-75AA-4A37-BF35-C38CC9DDEE72}.Debug|Any CPU.ActiveCfg = Debug|Any CPU
		{D04183B7-75AA-4A37-BF35-C38CC9DDEE72}.Debug|Any CPU.Build.0 = Debug|Any CPU
		{D04183B7-75AA-4A37-BF35-C38CC9DDEE72}.Release|Any CPU.ActiveCfg = Release|Any CPU
		{D04183B7-75AA-4A37-BF35-C38CC9DDEE72}.Release|Any CPU.Build.0 = Release|Any CPU
		{4100E584-0E35-4D81-BFAF-0614C0D0B726}.Debug|Any CPU.ActiveCfg = Debug|Any CPU
		{4100E584-0E35-4D81-BFAF-0614C0D0B726}.Debug|Any CPU.Build.0 = Debug|Any CPU
		{4100E584-0E35-4D81-BFAF-0614C0D0B726}.Release|Any CPU.ActiveCfg = Release|Any CPU
		{4100E584-0E35-4D81-BFAF-0614C0D0B726}.Release|Any CPU.Build.0 = Release|Any CPU
		{DB01B3E5-77F4-4421-91D9-B3E656289D19}.Debug|Any CPU.ActiveCfg = Debug|Any CPU
		{DB01B3E5-77F4-4421-91D9-B3E656289D19}.Debug|Any CPU.Build.0 = Debug|Any CPU
		{DB01B3E5-77F4-4421-91D9-B3E656289D19}.Release|Any CPU.ActiveCfg = Release|Any CPU
		{DB01B3E5-77F4-4421-91D9-B3E656289D19}.Release|Any CPU.Build.0 = Release|Any CPU
		{9981095A-0FD6-432F-A34D-CC8EA647C09F}.Debug|Any CPU.ActiveCfg = Debug|Any CPU
		{9981095A-0FD6-432F-A34D-CC8EA647C09F}.Debug|Any CPU.Build.0 = Debug|Any CPU
		{9981095A-0FD6-432F-A34D-CC8EA647C09F}.Release|Any CPU.ActiveCfg = Release|Any CPU
		{9981095A-0FD6-432F-A34D-CC8EA647C09F}.Release|Any CPU.Build.0 = Release|Any CPU
	EndGlobalSection
	GlobalSection(SolutionProperties) = preSolution
		HideSolutionNode = FALSE
	EndGlobalSection
	GlobalSection(ExtensibilityGlobals) = postSolution
		SolutionGuid = {B3230DFB-4B16-43F8-90AB-EA45CE5821BC}
	EndGlobalSection
EndGlobal
